
Microsoft Visual Studio Solution File, Format Version 12.00
# Visual Studio Version 17
VisualStudioVersion = 17.9.34622.214
MinimumVisualStudioVersion = 10.0.40219.1
Project("{9A19103F-16F7-4668-BE54-9A1E7A4F7556}") = "Continuação projeto bandas", "Continuação projeto bandas\Continuação projeto bandas.csproj", "{13A613FB-B5F6-4213-AD9B-B232798E8463}"
EndProject
Global
	GlobalSection(SolutionConfigurationPlatforms) = preSolution
		Debug|Any CPU = Debug|Any CPU
		Release|Any CPU = Release|Any CPU
	EndGlobalSection
	GlobalSection(ProjectConfigurationPlatforms) = postSolution
		{13A613FB-B5F6-4213-AD9B-B232798E8463}.Debug|Any CPU.ActiveCfg = Debug|Any CPU
		{13A613FB-B5F6-4213-AD9B-B232798E8463}.Debug|Any CPU.Build.0 = Debug|Any CPU
		{13A613FB-B5F6-4213-AD9B-B232798E8463}.Release|Any CPU.ActiveCfg = Release|Any CPU
		{13A613FB-B5F6-4213-AD9B-B232798E8463}.Release|Any CPU.Build.0 = Release|Any CPU
	EndGlobalSection
	GlobalSection(SolutionProperties) = preSolution
		HideSolutionNode = FALSE
	EndGlobalSection
	GlobalSection(ExtensibilityGlobals) = postSolution
		SolutionGuid = {45D39D5E-C123-40E3-B974-0671D2229FB2}
	EndGlobalSection
EndGlobal
